
Microsoft Visual Studio Solution File, Format Version 12.00
# Visual Studio Version 17
VisualStudioVersion = 17.12.35209.166
MinimumVisualStudioVersion = 10.0.40219.1
Project("{FAE04EC0-301F-11D3-BF4B-00C04F79EFBC}") = "QuanLyPhongMachTu", "QuanLyPhongMachTu.csproj", "{7DFFEDA4-E0F5-4FF0-85E8-A114C2DA77DE}"
EndProject
Global
	GlobalSection(SolutionConfigurationPlatforms) = preSolution
		Debug|Any CPU = Debug|Any CPU
		Release|Any CPU = Release|Any CPU
	EndGlobalSection
	GlobalSection(ProjectConfigurationPlatforms) = postSolution
		{7DFFEDA4-E0F5-4FF0-85E8-A114C2DA77DE}.Debug|Any CPU.ActiveCfg = Debug|Any CPU
		{7DFFEDA4-E0F5-4FF0-85E8-A114C2DA77DE}.Debug|Any CPU.Build.0 = Debug|Any CPU
		{7DFFEDA4-E0F5-4FF0-85E8-A114C2DA77DE}.Release|Any CPU.ActiveCfg = Release|Any CPU
		{7DFFEDA4-E0F5-4FF0-85E8-A114C2DA77DE}.Release|Any CPU.Build.0 = Release|Any CPU
	EndGlobalSection
	GlobalSection(SolutionProperties) = preSolution
		HideSolutionNode = FALSE
	EndGlobalSection
	GlobalSection(ExtensibilityGlobals) = postSolution
		SolutionGuid = {612FD93D-CDB9-42A3-8FA0-79F5D038F273}
	EndGlobalSection
EndGlobal
